// !$*UTF8*$!
{
	archiveVersion = 1;
	classes = {
	};
	objectVersion = 55;
	objects = {

/* Begin PBXBuildFile section */
		065717A32816773100AD374A /* ResponseAll.swift in Sources */ = {isa = PBXBuildFile; fileRef = 065717A22816773100AD374A /* ResponseAll.swift */; };
		065717A528168EA600AD374A /* ResponseMonth.swift in Sources */ = {isa = PBXBuildFile; fileRef = 065717A428168EA600AD374A /* ResponseMonth.swift */; };
		06C58F14281295B600294A0E /* ResponseTest.swift in Sources */ = {isa = PBXBuildFile; fileRef = 06C58F13281295B600294A0E /* ResponseTest.swift */; };
		06C58F17281296D300294A0E /* MathFunctions1.swift in Sources */ = {isa = PBXBuildFile; fileRef = 06C58F16281296D300294A0E /* MathFunctions1.swift */; };
		6A3630E528100AFB00F77C9F /* Home.swift in Sources */ = {isa = PBXBuildFile; fileRef = 6A3630E428100AFB00F77C9F /* Home.swift */; };
		6A3630E9281026C700F77C9F /* Upload.swift in Sources */ = {isa = PBXBuildFile; fileRef = 6A3630E8281026C700F77C9F /* Upload.swift */; };
		6A6DE517280FF31A009F769D /* SensorDataAnalyserApp.swift in Sources */ = {isa = PBXBuildFile; fileRef = 6A6DE516280FF31A009F769D /* SensorDataAnalyserApp.swift */; };
		6A6DE519280FF31A009F769D /* ContentView.swift in Sources */ = {isa = PBXBuildFile; fileRef = 6A6DE518280FF31A009F769D /* ContentView.swift */; };
		6A6DE51B280FF31C009F769D /* Assets.xcassets in Resources */ = {isa = PBXBuildFile; fileRef = 6A6DE51A280FF31C009F769D /* Assets.xcassets */; };
		6A6DE51E280FF31C009F769D /* Preview Assets.xcassets in Resources */ = {isa = PBXBuildFile; fileRef = 6A6DE51D280FF31C009F769D /* Preview Assets.xcassets */; };
		6A87B25128115055005B87EB /* Response.swift in Sources */ = {isa = PBXBuildFile; fileRef = 6A87B25028115055005B87EB /* Response.swift */; };
		6AEF507B281483B4009B576B /* DocumentPicker.swift in Sources */ = {isa = PBXBuildFile; fileRef = 6AEF507A281483B4009B576B /* DocumentPicker.swift */; };
		6AEF507E2815BF50009B576B /* FileHandler.swift in Sources */ = {isa = PBXBuildFile; fileRef = 6AEF507D2815BF50009B576B /* FileHandler.swift */; };
		6AEF50A92815C74C009B576B /* Alamofire in Frameworks */ = {isa = PBXBuildFile; productRef = 6AEF50A82815C74C009B576B /* Alamofire */; };
/* End PBXBuildFile section */

/* Begin PBXFileReference section */
		065717A22816773100AD374A /* ResponseAll.swift */ = {isa = PBXFileReference; lastKnownFileType = sourcecode.swift; path = ResponseAll.swift; sourceTree = "<group>"; };
		065717A428168EA600AD374A /* ResponseMonth.swift */ = {isa = PBXFileReference; lastKnownFileType = sourcecode.swift; path = ResponseMonth.swift; sourceTree = "<group>"; };
		06C58F13281295B600294A0E /* ResponseTest.swift */ = {isa = PBXFileReference; lastKnownFileType = sourcecode.swift; path = ResponseTest.swift; sourceTree = "<group>"; };
		06C58F16281296D300294A0E /* MathFunctions1.swift */ = {isa = PBXFileReference; lastKnownFileType = sourcecode.swift; path = MathFunctions1.swift; sourceTree = "<group>"; };
		6A3630E428100AFB00F77C9F /* Home.swift */ = {isa = PBXFileReference; lastKnownFileType = sourcecode.swift; path = Home.swift; sourceTree = "<group>"; };
		6A3630E8281026C700F77C9F /* Upload.swift */ = {isa = PBXFileReference; lastKnownFileType = sourcecode.swift; path = Upload.swift; sourceTree = "<group>"; };
		6A6DE513280FF31A009F769D /* SensorDataAnalyser.app */ = {isa = PBXFileReference; explicitFileType = wrapper.application; includeInIndex = 0; path = SensorDataAnalyser.app; sourceTree = BUILT_PRODUCTS_DIR; };
		6A6DE516280FF31A009F769D /* SensorDataAnalyserApp.swift */ = {isa = PBXFileReference; lastKnownFileType = sourcecode.swift; path = SensorDataAnalyserApp.swift; sourceTree = "<group>"; };
		6A6DE518280FF31A009F769D /* ContentView.swift */ = {isa = PBXFileReference; lastKnownFileType = sourcecode.swift; path = ContentView.swift; sourceTree = "<group>"; };
		6A6DE51A280FF31C009F769D /* Assets.xcassets */ = {isa = PBXFileReference; lastKnownFileType = folder.assetcatalog; path = Assets.xcassets; sourceTree = "<group>"; };
		6A6DE51D280FF31C009F769D /* Preview Assets.xcassets */ = {isa = PBXFileReference; lastKnownFileType = folder.assetcatalog; path = "Preview Assets.xcassets"; sourceTree = "<group>"; };
		6A87B25028115055005B87EB /* Response.swift */ = {isa = PBXFileReference; lastKnownFileType = sourcecode.swift; path = Response.swift; sourceTree = "<group>"; };
		6AEF507A281483B4009B576B /* DocumentPicker.swift */ = {isa = PBXFileReference; lastKnownFileType = sourcecode.swift; path = DocumentPicker.swift; sourceTree = "<group>"; };
		6AEF507D2815BF50009B576B /* FileHandler.swift */ = {isa = PBXFileReference; lastKnownFileType = sourcecode.swift; path = FileHandler.swift; sourceTree = "<group>"; };
/* End PBXFileReference section */

/* Begin PBXFrameworksBuildPhase section */
		6A6DE510280FF31A009F769D /* Frameworks */ = {
			isa = PBXFrameworksBuildPhase;
			buildActionMask = 2147483647;
			files = (
				6AEF50A92815C74C009B576B /* Alamofire in Frameworks */,
			);
			runOnlyForDeploymentPostprocessing = 0;
		};
/* End PBXFrameworksBuildPhase section */

/* Begin PBXGroup section */
		06C58F15281296B500294A0E /* MathTests */ = {
			isa = PBXGroup;
			children = (
				06C58F16281296D300294A0E /* MathFunctions1.swift */,
			);
			path = MathTests;
			sourceTree = "<group>";
		};
		6A3630E328100AE700F77C9F /* Views */ = {
			isa = PBXGroup;
			children = (
				6A3630E428100AFB00F77C9F /* Home.swift */,
				6A3630E8281026C700F77C9F /* Upload.swift */,
			);
			path = Views;
			sourceTree = "<group>";
		};
		6A6DE50A280FF31A009F769D = {
			isa = PBXGroup;
			children = (
				6A6DE515280FF31A009F769D /* SensorDataAnalyser */,
				6A6DE514280FF31A009F769D /* Products */,
			);
			sourceTree = "<group>";
		};
		6A6DE514280FF31A009F769D /* Products */ = {
			isa = PBXGroup;
			children = (
				6A6DE513280FF31A009F769D /* SensorDataAnalyser.app */,
			);
			name = Products;
			sourceTree = "<group>";
		};
		6A6DE515280FF31A009F769D /* SensorDataAnalyser */ = {
			isa = PBXGroup;
			children = (
				6AEF507C2815BF3E009B576B /* Utils */,
				6AEF5079281483A1009B576B /* Components */,
				06C58F15281296B500294A0E /* MathTests */,
				6A87B24F28114FCF005B87EB /* ApiResponse */,
				6A3630E328100AE700F77C9F /* Views */,
				6A6DE516280FF31A009F769D /* SensorDataAnalyserApp.swift */,
				6A6DE518280FF31A009F769D /* ContentView.swift */,
				6A6DE51A280FF31C009F769D /* Assets.xcassets */,
				6A6DE51C280FF31C009F769D /* Preview Content */,
			);
			path = SensorDataAnalyser;
			sourceTree = "<group>";
		};
		6A6DE51C280FF31C009F769D /* Preview Content */ = {
			isa = PBXGroup;
			children = (
				6A6DE51D280FF31C009F769D /* Preview Assets.xcassets */,
			);
			path = "Preview Content";
			sourceTree = "<group>";
		};
		6A87B24F28114FCF005B87EB /* ApiResponse */ = {
			isa = PBXGroup;
			children = (
				6A87B25028115055005B87EB /* Response.swift */,
				06C58F13281295B600294A0E /* ResponseTest.swift */,
				065717A22816773100AD374A /* ResponseAll.swift */,
				065717A428168EA600AD374A /* ResponseMonth.swift */,
			);
			path = ApiResponse;
			sourceTree = "<group>";
		};
		6AEF5079281483A1009B576B /* Components */ = {
			isa = PBXGroup;
			children = (
				6AEF507A281483B4009B576B /* DocumentPicker.swift */,
			);
			path = Components;
			sourceTree = "<group>";
		};
		6AEF507C2815BF3E009B576B /* Utils */ = {
			isa = PBXGroup;
			children = (
				6AEF507D2815BF50009B576B /* FileHandler.swift */,
			);
			path = Utils;
			sourceTree = "<group>";
		};
/* End PBXGroup section */

/* Begin PBXNativeTarget section */
		6A6DE512280FF31A009F769D /* SensorDataAnalyser */ = {
			isa = PBXNativeTarget;
			buildConfigurationList = 6A6DE521280FF31C009F769D /* Build configuration list for PBXNativeTarget "SensorDataAnalyser" */;
			buildPhases = (
				6A6DE50F280FF31A009F769D /* Sources */,
				6A6DE510280FF31A009F769D /* Frameworks */,
				6A6DE511280FF31A009F769D /* Resources */,
			);
			buildRules = (
			);
			dependencies = (
			);
			name = SensorDataAnalyser;
			packageProductDependencies = (
				6AEF50A82815C74C009B576B /* Alamofire */,
			);
			productName = SensorDataAnalyser;
			productReference = 6A6DE513280FF31A009F769D /* SensorDataAnalyser.app */;
			productType = "com.apple.product-type.application";
		};
/* End PBXNativeTarget section */

/* Begin PBXProject section */
		6A6DE50B280FF31A009F769D /* Project object */ = {
			isa = PBXProject;
			attributes = {
				BuildIndependentTargetsInParallel = 1;
				LastSwiftUpdateCheck = 1330;
				LastUpgradeCheck = 1330;
				TargetAttributes = {
					6A6DE512280FF31A009F769D = {
						CreatedOnToolsVersion = 13.3;
					};
				};
			};
			buildConfigurationList = 6A6DE50E280FF31A009F769D /* Build configuration list for PBXProject "SensorDataAnalyser" */;
			compatibilityVersion = "Xcode 13.0";
			developmentRegion = en;
			hasScannedForEncodings = 0;
			knownRegions = (
				en,
				Base,
			);
			mainGroup = 6A6DE50A280FF31A009F769D;
			packageReferences = (
				6AEF50A72815C74C009B576B /* XCRemoteSwiftPackageReference "Alamofire" */,
			);
			productRefGroup = 6A6DE514280FF31A009F769D /* Products */;
			projectDirPath = "";
			projectRoot = "";
			targets = (
				6A6DE512280FF31A009F769D /* SensorDataAnalyser */,
			);
		};
/* End PBXProject section */

/* Begin PBXResourcesBuildPhase section */
		6A6DE511280FF31A009F769D /* Resources */ = {
			isa = PBXResourcesBuildPhase;
			buildActionMask = 2147483647;
			files = (
				6A6DE51E280FF31C009F769D /* Preview Assets.xcassets in Resources */,
				6A6DE51B280FF31C009F769D /* Assets.xcassets in Resources */,
			);
			runOnlyForDeploymentPostprocessing = 0;
		};
/* End PBXResourcesBuildPhase section */

/* Begin PBXSourcesBuildPhase section */
		6A6DE50F280FF31A009F769D /* Sources */ = {
			isa = PBXSourcesBuildPhase;
			buildActionMask = 2147483647;
			files = (
				06C58F14281295B600294A0E /* ResponseTest.swift in Sources */,
				6A3630E9281026C700F77C9F /* Upload.swift in Sources */,
				065717A32816773100AD374A /* ResponseAll.swift in Sources */,
				6A6DE519280FF31A009F769D /* ContentView.swift in Sources */,
				6AEF507E2815BF50009B576B /* FileHandler.swift in Sources */,
				06C58F17281296D300294A0E /* MathFunctions1.swift in Sources */,
				6AEF507B281483B4009B576B /* DocumentPicker.swift in Sources */,
				6A3630E528100AFB00F77C9F /* Home.swift in Sources */,
				065717A528168EA600AD374A /* ResponseMonth.swift in Sources */,
				6A6DE517280FF31A009F769D /* SensorDataAnalyserApp.swift in Sources */,
				6A87B25128115055005B87EB /* Response.swift in Sources */,
			);
			runOnlyForDeploymentPostprocessing = 0;
		};
/* End PBXSourcesBuildPhase section */

/* Begin XCBuildConfiguration section */
		6A6DE51F280FF31C009F769D /* Debug */ = {
			isa = XCBuildConfiguration;
			buildSettings = {
				ALWAYS_SEARCH_USER_PATHS = NO;
				CLANG_ANALYZER_NONNULL = YES;
				CLANG_ANALYZER_NUMBER_OBJECT_CONVERSION = YES_AGGRESSIVE;
				CLANG_CXX_LANGUAGE_STANDARD = "gnu++17";
				CLANG_ENABLE_MODULES = YES;
				CLANG_ENABLE_OBJC_ARC = YES;
				CLANG_ENABLE_OBJC_WEAK = YES;
				CLANG_WARN_BLOCK_CAPTURE_AUTORELEASING = YES;
				CLANG_WARN_BOOL_CONVERSION = YES;
				CLANG_WARN_COMMA = YES;
				CLANG_WARN_CONSTANT_CONVERSION = YES;
				CLANG_WARN_DEPRECATED_OBJC_IMPLEMENTATIONS = YES;
				CLANG_WARN_DIRECT_OBJC_ISA_USAGE = YES_ERROR;
				CLANG_WARN_DOCUMENTATION_COMMENTS = YES;
				CLANG_WARN_EMPTY_BODY = YES;
				CLANG_WARN_ENUM_CONVERSION = YES;
				CLANG_WARN_INFINITE_RECURSION = YES;
				CLANG_WARN_INT_CONVERSION = YES;
				CLANG_WARN_NON_LITERAL_NULL_CONVERSION = YES;
				CLANG_WARN_OBJC_IMPLICIT_RETAIN_SELF = YES;
				CLANG_WARN_OBJC_LITERAL_CONVERSION = YES;
				CLANG_WARN_OBJC_ROOT_CLASS = YES_ERROR;
				CLANG_WARN_QUOTED_INCLUDE_IN_FRAMEWORK_HEADER = YES;
				CLANG_WARN_RANGE_LOOP_ANALYSIS = YES;
				CLANG_WARN_STRICT_PROTOTYPES = YES;
				CLANG_WARN_SUSPICIOUS_MOVE = YES;
				CLANG_WARN_UNGUARDED_AVAILABILITY = YES_AGGRESSIVE;
				CLANG_WARN_UNREACHABLE_CODE = YES;
				CLANG_WARN__DUPLICATE_METHOD_MATCH = YES;
				COPY_PHASE_STRIP = NO;
				DEBUG_INFORMATION_FORMAT = dwarf;
				ENABLE_STRICT_OBJC_MSGSEND = YES;
				ENABLE_TESTABILITY = YES;
				GCC_C_LANGUAGE_STANDARD = gnu11;
				GCC_DYNAMIC_NO_PIC = NO;
				GCC_NO_COMMON_BLOCKS = YES;
				GCC_OPTIMIZATION_LEVEL = 0;
				GCC_PREPROCESSOR_DEFINITIONS = (
					"DEBUG=1",
					"$(inherited)",
				);
				GCC_WARN_64_TO_32_BIT_CONVERSION = YES;
				GCC_WARN_ABOUT_RETURN_TYPE = YES_ERROR;
				GCC_WARN_UNDECLARED_SELECTOR = YES;
				GCC_WARN_UNINITIALIZED_AUTOS = YES_AGGRESSIVE;
				GCC_WARN_UNUSED_FUNCTION = YES;
				GCC_WARN_UNUSED_VARIABLE = YES;
				IPHONEOS_DEPLOYMENT_TARGET = 15.4;
				MTL_ENABLE_DEBUG_INFO = INCLUDE_SOURCE;
				MTL_FAST_MATH = YES;
				ONLY_ACTIVE_ARCH = YES;
				SDKROOT = iphoneos;
				SWIFT_ACTIVE_COMPILATION_CONDITIONS = DEBUG;
				SWIFT_OPTIMIZATION_LEVEL = "-Onone";
			};
			name = Debug;
		};
		6A6DE520280FF31C009F769D /* Release */ = {
			isa = XCBuildConfiguration;
			buildSettings = {
				ALWAYS_SEARCH_USER_PATHS = NO;
				CLANG_ANALYZER_NONNULL = YES;
				CLANG_ANALYZER_NUMBER_OBJECT_CONVERSION = YES_AGGRESSIVE;
				CLANG_CXX_LANGUAGE_STANDARD = "gnu++17";
				CLANG_ENABLE_MODULES = YES;
				CLANG_ENABLE_OBJC_ARC = YES;
				CLANG_ENABLE_OBJC_WEAK = YES;
				CLANG_WARN_BLOCK_CAPTURE_AUTORELEASING = YES;
				CLANG_WARN_BOOL_CONVERSION = YES;
				CLANG_WARN_COMMA = YES;
				CLANG_WARN_CONSTANT_CONVERSION = YES;
				CLANG_WARN_DEPRECATED_OBJC_IMPLEMENTATIONS = YES;
				CLANG_WARN_DIRECT_OBJC_ISA_USAGE = YES_ERROR;
				CLANG_WARN_DOCUMENTATION_COMMENTS = YES;
				CLANG_WARN_EMPTY_BODY = YES;
				CLANG_WARN_ENUM_CONVERSION = YES;
				CLANG_WARN_INFINITE_RECURSION = YES;
				CLANG_WARN_INT_CONVERSION = YES;
				CLANG_WARN_NON_LITERAL_NULL_CONVERSION = YES;
				CLANG_WARN_OBJC_IMPLICIT_RETAIN_SELF = YES;
				CLANG_WARN_OBJC_LITERAL_CONVERSION = YES;
				CLANG_WARN_OBJC_ROOT_CLASS = YES_ERROR;
				CLANG_WARN_QUOTED_INCLUDE_IN_FRAMEWORK_HEADER = YES;
				CLANG_WARN_RANGE_LOOP_ANALYSIS = YES;
				CLANG_WARN_STRICT_PROTOTYPES = YES;
				CLANG_WARN_SUSPICIOUS_MOVE = YES;
				CLANG_WARN_UNGUARDED_AVAILABILITY = YES_AGGRESSIVE;
				CLANG_WARN_UNREACHABLE_CODE = YES;
				CLANG_WARN__DUPLICATE_METHOD_MATCH = YES;
				COPY_PHASE_STRIP = NO;
				DEBUG_INFORMATION_FORMAT = "dwarf-with-dsym";
				ENABLE_NS_ASSERTIONS = NO;
				ENABLE_STRICT_OBJC_MSGSEND = YES;
				GCC_C_LANGUAGE_STANDARD = gnu11;
				GCC_NO_COMMON_BLOCKS = YES;
				GCC_WARN_64_TO_32_BIT_CONVERSION = YES;
				GCC_WARN_ABOUT_RETURN_TYPE = YES_ERROR;
				GCC_WARN_UNDECLARED_SELECTOR = YES;
				GCC_WARN_UNINITIALIZED_AUTOS = YES_AGGRESSIVE;
				GCC_WARN_UNUSED_FUNCTION = YES;
				GCC_WARN_UNUSED_VARIABLE = YES;
				IPHONEOS_DEPLOYMENT_TARGET = 15.4;
				MTL_ENABLE_DEBUG_INFO = NO;
				MTL_FAST_MATH = YES;
				SDKROOT = iphoneos;
				SWIFT_COMPILATION_MODE = wholemodule;
				SWIFT_OPTIMIZATION_LEVEL = "-O";
				VALIDATE_PRODUCT = YES;
			};
			name = Release;
		};
		6A6DE522280FF31C009F769D /* Debug */ = {
			isa = XCBuildConfiguration;
			buildSettings = {
				ASSETCATALOG_COMPILER_APPICON_NAME = AppIcon;
				ASSETCATALOG_COMPILER_GLOBAL_ACCENT_COLOR_NAME = AccentColor;
				CODE_SIGN_STYLE = Automatic;
				CURRENT_PROJECT_VERSION = 1;
				DEVELOPMENT_ASSET_PATHS = "\"SensorDataAnalyser/Preview Content\"";
				DEVELOPMENT_TEAM = NS26X99XW4;
				ENABLE_PREVIEWS = YES;
				GENERATE_INFOPLIST_FILE = YES;
				INFOPLIST_KEY_UIApplicationSceneManifest_Generation = YES;
				INFOPLIST_KEY_UIApplicationSupportsIndirectInputEvents = YES;
				INFOPLIST_KEY_UILaunchScreen_Generation = YES;
				INFOPLIST_KEY_UISupportedInterfaceOrientations_iPad = "UIInterfaceOrientationPortrait UIInterfaceOrientationPortraitUpsideDown UIInterfaceOrientationLandscapeLeft UIInterfaceOrientationLandscapeRight";
				INFOPLIST_KEY_UISupportedInterfaceOrientations_iPhone = "UIInterfaceOrientationPortrait UIInterfaceOrientationLandscapeLeft UIInterfaceOrientationLandscapeRight";
				LD_RUNPATH_SEARCH_PATHS = (
					"$(inherited)",
					"@executable_path/Frameworks",
				);
				MARKETING_VERSION = 1.0;
				PRODUCT_BUNDLE_IDENTIFIER = com.fi.SensorDataAnalyser;
				PRODUCT_NAME = "$(TARGET_NAME)";
				SWIFT_EMIT_LOC_STRINGS = YES;
				SWIFT_VERSION = 5.0;
				TARGETED_DEVICE_FAMILY = "1,2";
			};
			name = Debug;
		};
		6A6DE523280FF31C009F769D /* Release */ = {
			isa = XCBuildConfiguration;
			buildSettings = {
				ASSETCATALOG_COMPILER_APPICON_NAME = AppIcon;
				ASSETCATALOG_COMPILER_GLOBAL_ACCENT_COLOR_NAME = AccentColor;
				CODE_SIGN_STYLE = Automatic;
				CURRENT_PROJECT_VERSION = 1;
				DEVELOPMENT_ASSET_PATHS = "\"SensorDataAnalyser/Preview Content\"";
				DEVELOPMENT_TEAM = NS26X99XW4;
				ENABLE_PREVIEWS = YES;
				GENERATE_INFOPLIST_FILE = YES;
				INFOPLIST_KEY_UIApplicationSceneManifest_Generation = YES;
				INFOPLIST_KEY_UIApplicationSupportsIndirectInputEvents = YES;
				INFOPLIST_KEY_UILaunchScreen_Generation = YES;
				INFOPLIST_KEY_UISupportedInterfaceOrientations_iPad = "UIInterfaceOrientationPortrait UIInterfaceOrientationPortraitUpsideDown UIInterfaceOrientationLandscapeLeft UIInterfaceOrientationLandscapeRight";
				INFOPLIST_KEY_UISupportedInterfaceOrientations_iPhone = "UIInterfaceOrientationPortrait UIInterfaceOrientationLandscapeLeft UIInterfaceOrientationLandscapeRight";
				LD_RUNPATH_SEARCH_PATHS = (
					"$(inherited)",
					"@executable_path/Frameworks",
				);
				MARKETING_VERSION = 1.0;
				PRODUCT_BUNDLE_IDENTIFIER = com.fi.SensorDataAnalyser;
				PRODUCT_NAME = "$(TARGET_NAME)";
				SWIFT_EMIT_LOC_STRINGS = YES;
				SWIFT_VERSION = 5.0;
				TARGETED_DEVICE_FAMILY = "1,2";
			};
			name = Release;
		};
/* End XCBuildConfiguration section */

/* Begin XCConfigurationList section */
		6A6DE50E280FF31A009F769D /* Build configuration list for PBXProject "SensorDataAnalyser" */ = {
			isa = XCConfigurationList;
			buildConfigurations = (
				6A6DE51F280FF31C009F769D /* Debug */,
				6A6DE520280FF31C009F769D /* Release */,
			);
			defaultConfigurationIsVisible = 0;
			defaultConfigurationName = Release;
		};
		6A6DE521280FF31C009F769D /* Build configuration list for PBXNativeTarget "SensorDataAnalyser" */ = {
			isa = XCConfigurationList;
			buildConfigurations = (
				6A6DE522280FF31C009F769D /* Debug */,
				6A6DE523280FF31C009F769D /* Release */,
			);
			defaultConfigurationIsVisible = 0;
			defaultConfigurationName = Release;
		};
/* End XCConfigurationList section */

/* Begin XCRemoteSwiftPackageReference section */
		6AEF50A72815C74C009B576B /* XCRemoteSwiftPackageReference "Alamofire" */ = {
			isa = XCRemoteSwiftPackageReference;
			repositoryURL = "https://github.com/Alamofire/Alamofire.git";
			requirement = {
				kind = upToNextMajorVersion;
				minimumVersion = 5.6.1;
			};
		};
/* End XCRemoteSwiftPackageReference section */

/* Begin XCSwiftPackageProductDependency section */
		6AEF50A82815C74C009B576B /* Alamofire */ = {
			isa = XCSwiftPackageProductDependency;
			package = 6AEF50A72815C74C009B576B /* XCRemoteSwiftPackageReference "Alamofire" */;
			productName = Alamofire;
		};
/* End XCSwiftPackageProductDependency section */
	};
	rootObject = 6A6DE50B280FF31A009F769D /* Project object */;
}
